
Microsoft Visual Studio Solution File, Format Version 12.00
# Visual Studio Version 16
VisualStudioVersion = 16.0.810.22
MinimumVisualStudioVersion = 10.0.40219.1
Project("{FAE04EC0-301F-11D3-BF4B-00C04F79EFBC}") = "PracticeLinq", "PracticeLinq\PracticeLinq.csproj", "{9CBB2723-042C-4561-9AF6-384DA2CC97EB}"
EndProject
Global
	GlobalSection(SolutionConfigurationPlatforms) = preSolution
		Debug|Any CPU = Debug|Any CPU
		Release|Any CPU = Release|Any CPU
	EndGlobalSection
	GlobalSection(ProjectConfigurationPlatforms) = postSolution
		{9CBB2723-042C-4561-9AF6-384DA2CC97EB}.Debug|Any CPU.ActiveCfg = Debug|Any CPU
		{9CBB2723-042C-4561-9AF6-384DA2CC97EB}.Debug|Any CPU.Build.0 = Debug|Any CPU
		{9CBB2723-042C-4561-9AF6-384DA2CC97EB}.Release|Any CPU.ActiveCfg = Release|Any CPU
		{9CBB2723-042C-4561-9AF6-384DA2CC97EB}.Release|Any CPU.Build.0 = Release|Any CPU
	EndGlobalSection
	GlobalSection(SolutionProperties) = preSolution
		HideSolutionNode = FALSE
	EndGlobalSection
	GlobalSection(ExtensibilityGlobals) = postSolution
		SolutionGuid = {6AB04422-4956-4672-8DE1-77F5F07FD1A6}
	EndGlobalSection
EndGlobal
